
Microsoft Visual Studio Solution File, Format Version 12.00
# Visual Studio 15
VisualStudioVersion = 15.0.27703.2026
MinimumVisualStudioVersion = 10.0.40219.1
Project("{9A19103F-16F7-4668-BE54-9A1E7A4F7556}") = "AvaCarona.API", "AvaCarona.API\AvaCarona.API.csproj", "{4D87F040-74FF-46A3-81A3-9674E0E17CB0}"
EndProject
Project("{2150E333-8FDC-42A3-9474-1A3956D46DE8}") = "Tests", "Tests", "{593A58C3-7500-47C2-BE3C-0172069B37E7}"
EndProject
Project("{9A19103F-16F7-4668-BE54-9A1E7A4F7556}") = "AvaCarona.UnitTests", "AvaCarona.UnitTests\AvaCarona.UnitTests.csproj", "{D4569F4C-64EE-4A0C-BADD-57EB93093297}"
EndProject
Project("{FAE04EC0-301F-11D3-BF4B-00C04F79EFBC}") = "AvaCarona.IntegrationEFTest", "AvaCarona.IntegrationEFTest\AvaCarona.IntegrationEFTest.csproj", "{7A5DCE8E-7620-405D-BF82-46581044CE3D}"
EndProject
Project("{FAE04EC0-301F-11D3-BF4B-00C04F79EFBC}") = "AvaCarona.WebAPI", "AvaCarona.WebAPI\AvaCarona.WebAPI.csproj", "{0FCC9922-4A0A-4B34-B7D7-939D8C324BC9}"
EndProject
Global
	GlobalSection(SolutionConfigurationPlatforms) = preSolution
		Debug|Any CPU = Debug|Any CPU
		Release|Any CPU = Release|Any CPU
	EndGlobalSection
	GlobalSection(ProjectConfigurationPlatforms) = postSolution
		{4D87F040-74FF-46A3-81A3-9674E0E17CB0}.Debug|Any CPU.ActiveCfg = Debug|Any CPU
		{4D87F040-74FF-46A3-81A3-9674E0E17CB0}.Debug|Any CPU.Build.0 = Debug|Any CPU
		{4D87F040-74FF-46A3-81A3-9674E0E17CB0}.Release|Any CPU.ActiveCfg = Release|Any CPU
		{4D87F040-74FF-46A3-81A3-9674E0E17CB0}.Release|Any CPU.Build.0 = Release|Any CPU
		{D4569F4C-64EE-4A0C-BADD-57EB93093297}.Debug|Any CPU.ActiveCfg = Debug|Any CPU
		{D4569F4C-64EE-4A0C-BADD-57EB93093297}.Debug|Any CPU.Build.0 = Debug|Any CPU
		{D4569F4C-64EE-4A0C-BADD-57EB93093297}.Release|Any CPU.ActiveCfg = Release|Any CPU
		{D4569F4C-64EE-4A0C-BADD-57EB93093297}.Release|Any CPU.Build.0 = Release|Any CPU
		{7A5DCE8E-7620-405D-BF82-46581044CE3D}.Debug|Any CPU.ActiveCfg = Debug|Any CPU
		{7A5DCE8E-7620-405D-BF82-46581044CE3D}.Debug|Any CPU.Build.0 = Debug|Any CPU
		{7A5DCE8E-7620-405D-BF82-46581044CE3D}.Release|Any CPU.ActiveCfg = Release|Any CPU
		{7A5DCE8E-7620-405D-BF82-46581044CE3D}.Release|Any CPU.Build.0 = Release|Any CPU
		{0FCC9922-4A0A-4B34-B7D7-939D8C324BC9}.Debug|Any CPU.ActiveCfg = Debug|Any CPU
		{0FCC9922-4A0A-4B34-B7D7-939D8C324BC9}.Debug|Any CPU.Build.0 = Debug|Any CPU
		{0FCC9922-4A0A-4B34-B7D7-939D8C324BC9}.Release|Any CPU.ActiveCfg = Release|Any CPU
		{0FCC9922-4A0A-4B34-B7D7-939D8C324BC9}.Release|Any CPU.Build.0 = Release|Any CPU
	EndGlobalSection
	GlobalSection(SolutionProperties) = preSolution
		HideSolutionNode = FALSE
	EndGlobalSection
	GlobalSection(NestedProjects) = preSolution
		{D4569F4C-64EE-4A0C-BADD-57EB93093297} = {593A58C3-7500-47C2-BE3C-0172069B37E7}
		{7A5DCE8E-7620-405D-BF82-46581044CE3D} = {593A58C3-7500-47C2-BE3C-0172069B37E7}
	EndGlobalSection
	GlobalSection(ExtensibilityGlobals) = postSolution
		SolutionGuid = {88CF7FC9-1B47-4115-ABD8-EFD782B81225}
	EndGlobalSection
EndGlobal
